
Microsoft Visual Studio Solution File, Format Version 12.00
# Visual Studio Version 17
VisualStudioVersion = 17.2.32602.215
MinimumVisualStudioVersion = 10.0.40219.1
Project("{FAE04EC0-301F-11D3-BF4B-00C04F79EFBC}") = "CSharpDateCalculator", "CSharpDateCalculator\CSharpDateCalculator.csproj", "{90897E69-35FF-4392-B2F4-894B114DE44C}"
EndProject
Global
	GlobalSection(SolutionConfigurationPlatforms) = preSolution
		Debug|Any CPU = Debug|Any CPU
		Release|Any CPU = Release|Any CPU
	EndGlobalSection
	GlobalSection(ProjectConfigurationPlatforms) = postSolution
		{90897E69-35FF-4392-B2F4-894B114DE44C}.Debug|Any CPU.ActiveCfg = Debug|Any CPU
		{90897E69-35FF-4392-B2F4-894B114DE44C}.Debug|Any CPU.Build.0 = Debug|Any CPU
		{90897E69-35FF-4392-B2F4-894B114DE44C}.Release|Any CPU.ActiveCfg = Release|Any CPU
		{90897E69-35FF-4392-B2F4-894B114DE44C}.Release|Any CPU.Build.0 = Release|Any CPU
	EndGlobalSection
	GlobalSection(SolutionProperties) = preSolution
		HideSolutionNode = FALSE
	EndGlobalSection
	GlobalSection(ExtensibilityGlobals) = postSolution
		SolutionGuid = {82E60112-5827-4B08-8442-4CEED92C659B}
	EndGlobalSection
EndGlobal
